schema: '2.0'
stages:
  preprocessing:
    cmd: python3 preprocess.py
    deps:
    - path: ../DVCDemoData/raw_data.csv
      md5: e334467bbe508b120fbf555bddbc83f0
      size: 188837
    - path: preprocess.py
      md5: 7df97f705cc2c82ddaa97698ee39bd03
      size: 2720
    - path: utils.py
      md5: 0622bd594e7efe9ad47e4041624c3df8
      size: 1985
    params:
      params.yaml:
        preprocessing.random_state: 42
        preprocessing.test_share: 0.2
    outs:
    - path: ../DVCDemoData/test.csv
      md5: 54cc6fb8bb9db5d6fe5b45b86863964d
      size: 8146
    - path: ../DVCDemoData/train.csv
      md5: d1c2a9aaf42c6394df9c131bbd8429d9
      size: 32551
  training:
    cmd: python3 train.py
    deps:
    - path: ../DVCDemoData/train.csv
      md5: d1c2a9aaf42c6394df9c131bbd8429d9
      size: 32551
    - path: train.py
      md5: bc27af5625468dbee757e0a1f8e6d77a
      size: 3464
    - path: utils.py
      md5: 0622bd594e7efe9ad47e4041624c3df8
      size: 1985
    params:
      params.yaml:
        training.model:
          method: naive_bayes
          type: GaussianNB
          parameters: None
        training.preprocessor:
          type: StandardScaler
    outs:
    - path: ../DVCDemoModels/model.pickle
      md5: fc32b2e66a404c72b0103ecd6cfcfd31
      size: 591
    - path: ../DVCDemoModels/preprocessor.pickle
      md5: 0b54b242508f4a67ffad9313932497b9
      size: 489
    - path: ../DVCDemoModels/train_report.yml
      md5: d4d1a1fd84e98b82d8f8066923755900
      size: 374
    - path: ../DVCDemoModels/visualization_train.png
      md5: d4202ed712149700ad9e7d4d21ba9c7b
      size: 497716
  testing:
    cmd: python3 test.py
    deps:
    - path: ../DVCDemoData/test.csv
      md5: 54cc6fb8bb9db5d6fe5b45b86863964d
      size: 8146
    - path: ../DVCDemoModels/model.pickle
      md5: fc32b2e66a404c72b0103ecd6cfcfd31
      size: 591
    - path: ../DVCDemoModels/preprocessor.pickle
      md5: 0b54b242508f4a67ffad9313932497b9
      size: 489
    - path: test.py
      md5: 5c104eb01979f2db4329f85641d8afd0
      size: 2600
    - path: utils.py
      md5: 0622bd594e7efe9ad47e4041624c3df8
      size: 1985
    outs:
    - path: ../DVCDemoModels/test_report.yml
      md5: efad72cd1332e8573317c0a92e021324
      size: 245
    - path: ../DVCDemoModels/visualization_test.png
      md5: 43611d9a5033c0724e1e0babd5d96cdd
      size: 234713
